
Microsoft Visual Studio Solution File, Format Version 12.00
# Visual Studio Version 17
VisualStudioVersion = 17.5.33530.505
MinimumVisualStudioVersion = 10.0.40219.1
Project("{FAE04EC0-301F-11D3-BF4B-00C04F79EFBC}") = "Model2", "Model2.csproj", "{4B9B9A17-726A-42F1-82F0-661C2E8EF90C}"
EndProject
Project("{FAE04EC0-301F-11D3-BF4B-00C04F79EFBC}") = "DataLayer", "..\DataLayer\DataLayer.csproj", "{8B69E629-FFB9-41BF-9E88-6B91CF370E42}"
EndProject
Project("{FAE04EC0-301F-11D3-BF4B-00C04F79EFBC}") = "BusinessLayer", "..\BusinessLayer\BusinessLayer.csproj", "{2A686FF4-77E6-416D-8C5F-99A5B4E8034A}"
EndProject
Global
	GlobalSection(SolutionConfigurationPlatforms) = preSolution
		Debug|Any CPU = Debug|Any CPU
		Release|Any CPU = Release|Any CPU
	EndGlobalSection
	GlobalSection(ProjectConfigurationPlatforms) = postSolution
		{4B9B9A17-726A-42F1-82F0-661C2E8EF90C}.Debug|Any CPU.ActiveCfg = Debug|Any CPU
		{4B9B9A17-726A-42F1-82F0-661C2E8EF90C}.Debug|Any CPU.Build.0 = Debug|Any CPU
		{4B9B9A17-726A-42F1-82F0-661C2E8EF90C}.Release|Any CPU.ActiveCfg = Release|Any CPU
		{4B9B9A17-726A-42F1-82F0-661C2E8EF90C}.Release|Any CPU.Build.0 = Release|Any CPU
		{8B69E629-FFB9-41BF-9E88-6B91CF370E42}.Debug|Any CPU.ActiveCfg = Debug|Any CPU
		{8B69E629-FFB9-41BF-9E88-6B91CF370E42}.Debug|Any CPU.Build.0 = Debug|Any CPU
		{8B69E629-FFB9-41BF-9E88-6B91CF370E42}.Release|Any CPU.ActiveCfg = Release|Any CPU
		{8B69E629-FFB9-41BF-9E88-6B91CF370E42}.Release|Any CPU.Build.0 = Release|Any CPU
		{2A686FF4-77E6-416D-8C5F-99A5B4E8034A}.Debug|Any CPU.ActiveCfg = Debug|Any CPU
		{2A686FF4-77E6-416D-8C5F-99A5B4E8034A}.Debug|Any CPU.Build.0 = Debug|Any CPU
		{2A686FF4-77E6-416D-8C5F-99A5B4E8034A}.Release|Any CPU.ActiveCfg = Release|Any CPU
		{2A686FF4-77E6-416D-8C5F-99A5B4E8034A}.Release|Any CPU.Build.0 = Release|Any CPU
	EndGlobalSection
	GlobalSection(SolutionProperties) = preSolution
		HideSolutionNode = FALSE
	EndGlobalSection
	GlobalSection(ExtensibilityGlobals) = postSolution
		SolutionGuid = {ABD78851-CE9D-4EF7-8A5F-166D24511349}
	EndGlobalSection
EndGlobal
